
Microsoft Visual Studio Solution File, Format Version 12.00
# Visual Studio Version 16
VisualStudioVersion = 16.0.31424.327
MinimumVisualStudioVersion = 10.0.40219.1
Project("{FAE04EC0-301F-11D3-BF4B-00C04F79EFBC}") = "Ahorcado", "Ahorcado\Ahorcado.csproj", "{2F168B74-73B9-4CB1-943E-D085A8993576}"
EndProject
Global
	GlobalSection(SolutionConfigurationPlatforms) = preSolution
		Debug|Any CPU = Debug|Any CPU
		Release|Any CPU = Release|Any CPU
	EndGlobalSection
	GlobalSection(ProjectConfigurationPlatforms) = postSolution
		{2F168B74-73B9-4CB1-943E-D085A8993576}.Debug|Any CPU.ActiveCfg = Debug|Any CPU
		{2F168B74-73B9-4CB1-943E-D085A8993576}.Debug|Any CPU.Build.0 = Debug|Any CPU
		{2F168B74-73B9-4CB1-943E-D085A8993576}.Release|Any CPU.ActiveCfg = Release|Any CPU
		{2F168B74-73B9-4CB1-943E-D085A8993576}.Release|Any CPU.Build.0 = Release|Any CPU
	EndGlobalSection
	GlobalSection(SolutionProperties) = preSolution
		HideSolutionNode = FALSE
	EndGlobalSection
	GlobalSection(ExtensibilityGlobals) = postSolution
		SolutionGuid = {95078515-40BF-4DD4-91A1-4BB82694162A}
	EndGlobalSection
EndGlobal
